// !$*UTF8*$!
{
	archiveVersion = 1;
	classes = {
	};
	objectVersion = 50;
	objects = {

/* Begin PBXBuildFile section */
		CE12BD6620A75A0800A32733 /* AppDelegate.swift in Sources */ = {isa = PBXBuildFile; fileRef = CE12BD6520A75A0800A32733 /* AppDelegate.swift */; };
		CE12BD6820A75A0800A32733 /* ViewController.swift in Sources */ = {isa = PBXBuildFile; fileRef = CE12BD6720A75A0800A32733 /* ViewController.swift */; };
		CE12BD6B20A75A0800A32733 /* Main.storyboard in Resources */ = {isa = PBXBuildFile; fileRef = CE12BD6920A75A0800A32733 /* Main.storyboard */; };
		CE12BD6D20A75A0900A32733 /* Assets.xcassets in Resources */ = {isa = PBXBuildFile; fileRef = CE12BD6C20A75A0900A32733 /* Assets.xcassets */; };
		CE12BD7020A75A0900A32733 /* LaunchScreen.storyboard in Resources */ = {isa = PBXBuildFile; fileRef = CE12BD6E20A75A0900A32733 /* LaunchScreen.storyboard */; };
		CE12BD7B20A75A0900A32733 /* TableViewTests.swift in Sources */ = {isa = PBXBuildFile; fileRef = CE12BD7A20A75A0900A32733 /* TableViewTests.swift */; };
		CE12BD8620A75A0A00A32733 /* TableViewUITests.swift in Sources */ = {isa = PBXBuildFile; fileRef = CE12BD8520A75A0A00A32733 /* TableViewUITests.swift */; };
		CE12BD9420A76FAF00A32733 /* TableViewCell2.swift in Sources */ = {isa = PBXBuildFile; fileRef = CE12BD9320A76FAF00A32733 /* TableViewCell2.swift */; };
/* End PBXBuildFile section */

/* Begin PBXContainerItemProxy section */
		CE12BD7720A75A0900A32733 /* PBXContainerItemProxy */ = {
			isa = PBXContainerItemProxy;
			containerPortal = CE12BD5A20A75A0800A32733 /* Project object */;
			proxyType = 1;
			remoteGlobalIDString = CE12BD6120A75A0800A32733;
			remoteInfo = TableView;
		};
		CE12BD8220A75A0900A32733 /* PBXContainerItemProxy */ = {
			isa = PBXContainerItemProxy;
			containerPortal = CE12BD5A20A75A0800A32733 /* Project object */;
			proxyType = 1;
			remoteGlobalIDString = CE12BD6120A75A0800A32733;
			remoteInfo = TableView;
		};
/* End PBXContainerItemProxy section */

/* Begin PBXFileReference section */
		CE12BD6220A75A0800A32733 /* TableView.app */ = {isa = PBXFileReference; explicitFileType = wrapper.application; includeInIndex = 0; path = TableView.app; sourceTree = BUILT_PRODUCTS_DIR; };
		CE12BD6520A75A0800A32733 /* AppDelegate.swift */ = {isa = PBXFileReference; lastKnownFileType = sourcecode.swift; path = AppDelegate.swift; sourceTree = "<group>"; };
		CE12BD6720A75A0800A32733 /* ViewController.swift */ = {isa = PBXFileReference; lastKnownFileType = sourcecode.swift; path = ViewController.swift; sourceTree = "<group>"; };
		CE12BD6A20A75A0800A32733 /* Base */ = {isa = PBXFileReference; lastKnownFileType = file.storyboard; name = Base; path = Base.lproj/Main.storyboard; sourceTree = "<group>"; };
		CE12BD6C20A75A0900A32733 /* Assets.xcassets */ = {isa = PBXFileReference; lastKnownFileType = folder.assetcatalog; path = Assets.xcassets; sourceTree = "<group>"; };
		CE12BD6F20A75A0900A32733 /* Base */ = {isa = PBXFileReference; lastKnownFileType = file.storyboard; name = Base; path = Base.lproj/LaunchScreen.storyboard; sourceTree = "<group>"; };
		CE12BD7120A75A0900A32733 /* Info.plist */ = {isa = PBXFileReference; lastKnownFileType = text.plist.xml; path = Info.plist; sourceTree = "<group>"; };
		CE12BD7620A75A0900A32733 /* TableViewTests.xctest */ = {isa = PBXFileReference; explicitFileType = wrapper.cfbundle; includeInIndex = 0; path = TableViewTests.xctest; sourceTree = BUILT_PRODUCTS_DIR; };
		CE12BD7A20A75A0900A32733 /* TableViewTests.swift */ = {isa = PBXFileReference; lastKnownFileType = sourcecode.swift; path = TableViewTests.swift; sourceTree = "<group>"; };
		CE12BD7C20A75A0900A32733 /* Info.plist */ = {isa = PBXFileReference; lastKnownFileType = text.plist.xml; path = Info.plist; sourceTree = "<group>"; };
		CE12BD8120A75A0900A32733 /* TableViewUITests.xctest */ = {isa = PBXFileReference; explicitFileType = wrapper.cfbundle; includeInIndex = 0; path = TableViewUITests.xctest; sourceTree = BUILT_PRODUCTS_DIR; };
		CE12BD8520A75A0A00A32733 /* TableViewUITests.swift */ = {isa = PBXFileReference; lastKnownFileType = sourcecode.swift; path = TableViewUITests.swift; sourceTree = "<group>"; };
		CE12BD8720A75A0A00A32733 /* Info.plist */ = {isa = PBXFileReference; lastKnownFileType = text.plist.xml; path = Info.plist; sourceTree = "<group>"; };
		CE12BD9320A76FAF00A32733 /* TableViewCell2.swift */ = {isa = PBXFileReference; lastKnownFileType = sourcecode.swift; path = TableViewCell2.swift; sourceTree = "<group>"; };
/* End PBXFileReference section */

/* Begin PBXFrameworksBuildPhase section */
		CE12BD5F20A75A0800A32733 /* Frameworks */ = {
			isa = PBXFrameworksBuildPhase;
			buildActionMask = 2147483647;
			files = (
			);
			runOnlyForDeploymentPostprocessing = 0;
		};
		CE12BD7320A75A0900A32733 /* Frameworks */ = {
			isa = PBXFrameworksBuildPhase;
			buildActionMask = 2147483647;
			files = (
			);
			runOnlyForDeploymentPostprocessing = 0;
		};
		CE12BD7E20A75A0900A32733 /* Frameworks */ = {
			isa = PBXFrameworksBuildPhase;
			buildActionMask = 2147483647;
			files = (
			);
			runOnlyForDeploymentPostprocessing = 0;
		};
/* End PBXFrameworksBuildPhase section */

/* Begin PBXGroup section */
		CE12BD5920A75A0800A32733 = {
			isa = PBXGroup;
			children = (
				CE12BD6420A75A0800A32733 /* TableView */,
				CE12BD7920A75A0900A32733 /* TableViewTests */,
				CE12BD8420A75A0A00A32733 /* TableViewUITests */,
				CE12BD6320A75A0800A32733 /* Products */,
			);
			sourceTree = "<group>";
		};
		CE12BD6320A75A0800A32733 /* Products */ = {
			isa = PBXGroup;
			children = (
				CE12BD6220A75A0800A32733 /* TableView.app */,
				CE12BD7620A75A0900A32733 /* TableViewTests.xctest */,
				CE12BD8120A75A0900A32733 /* TableViewUITests.xctest */,
			);
			name = Products;
			sourceTree = "<group>";
		};
		CE12BD6420A75A0800A32733 /* TableView */ = {
			isa = PBXGroup;
			children = (
				CE12BD6520A75A0800A32733 /* AppDelegate.swift */,
				CE12BD6720A75A0800A32733 /* ViewController.swift */,
				CE12BD6920A75A0800A32733 /* Main.storyboard */,
				CE12BD9320A76FAF00A32733 /* TableViewCell2.swift */,
				CE12BD6C20A75A0900A32733 /* Assets.xcassets */,
				CE12BD6E20A75A0900A32733 /* LaunchScreen.storyboard */,
				CE12BD7120A75A0900A32733 /* Info.plist */,
			);
			path = TableView;
			sourceTree = "<group>";
		};
		CE12BD7920A75A0900A32733 /* TableViewTests */ = {
			isa = PBXGroup;
			children = (
				CE12BD7A20A75A0900A32733 /* TableViewTests.swift */,
				CE12BD7C20A75A0900A32733 /* Info.plist */,
			);
			path = TableViewTests;
			sourceTree = "<group>";
		};
		CE12BD8420A75A0A00A32733 /* TableViewUITests */ = {
			isa = PBXGroup;
			children = (
				CE12BD8520A75A0A00A32733 /* TableViewUITests.swift */,
				CE12BD8720A75A0A00A32733 /* Info.plist */,
			);
			path = TableViewUITests;
			sourceTree = "<group>";
		};
/* End PBXGroup section */

/* Begin PBXNativeTarget section */
		CE12BD6120A75A0800A32733 /* TableView */ = {
			isa = PBXNativeTarget;
			buildConfigurationList = CE12BD8A20A75A0A00A32733 /* Build configuration list for PBXNativeTarget "TableView" */;
			buildPhases = (
				CE12BD5E20A75A0800A32733 /* Sources */,
				CE12BD5F20A75A0800A32733 /* Frameworks */,
				CE12BD6020A75A0800A32733 /* Resources */,
			);
			buildRules = (
			);
			dependencies = (
			);
			name = TableView;
			productName = TableView;
			productReference = CE12BD6220A75A0800A32733 /* TableView.app */;
			productType = "com.apple.product-type.application";
		};
		CE12BD7520A75A0900A32733 /* TableViewTests */ = {
			isa = PBXNativeTarget;
			buildConfigurationList = CE12BD8D20A75A0A00A32733 /* Build configuration list for PBXNativeTarget "TableViewTests" */;
			buildPhases = (
				CE12BD7220A75A0900A32733 /* Sources */,
				CE12BD7320A75A0900A32733 /* Frameworks */,
				CE12BD7420A75A0900A32733 /* Resources */,
			);
			buildRules = (
			);
			dependencies = (
				CE12BD7820A75A0900A32733 /* PBXTargetDependency */,
			);
			name = TableViewTests;
			productName = TableViewTests;
			productReference = CE12BD7620A75A0900A32733 /* TableViewTests.xctest */;
			productType = "com.apple.product-type.bundle.unit-test";
		};
		CE12BD8020A75A0900A32733 /* TableViewUITests */ = {
			isa = PBXNativeTarget;
			buildConfigurationList = CE12BD9020A75A0A00A32733 /* Build configuration list for PBXNativeTarget "TableViewUITests" */;
			buildPhases = (
				CE12BD7D20A75A0900A32733 /* Sources */,
				CE12BD7E20A75A0900A32733 /* Frameworks */,
				CE12BD7F20A75A0900A32733 /* Resources */,
			);
			buildRules = (
			);
			dependencies = (
				CE12BD8320A75A0900A32733 /* PBXTargetDependency */,
			);
			name = TableViewUITests;
			productName = TableViewUITests;
			productReference = CE12BD8120A75A0900A32733 /* TableViewUITests.xctest */;
			productType = "com.apple.product-type.bundle.ui-testing";
		};
/* End PBXNativeTarget section */

/* Begin PBXProject section */
		CE12BD5A20A75A0800A32733 /* Project object */ = {
			isa = PBXProject;
			attributes = {
				LastSwiftUpdateCheck = 0930;
				LastUpgradeCheck = 0930;
				ORGANIZATIONNAME = mCubes;
				TargetAttributes = {
					CE12BD6120A75A0800A32733 = {
						CreatedOnToolsVersion = 9.3;
					};
					CE12BD7520A75A0900A32733 = {
						CreatedOnToolsVersion = 9.3;
						TestTargetID = CE12BD6120A75A0800A32733;
					};
					CE12BD8020A75A0900A32733 = {
						CreatedOnToolsVersion = 9.3;
						TestTargetID = CE12BD6120A75A0800A32733;
					};
				};
			};
			buildConfigurationList = CE12BD5D20A75A0800A32733 /* Build configuration list for PBXProject "TableView" */;
			compatibilityVersion = "Xcode 9.3";
			developmentRegion = en;
			hasScannedForEncodings = 0;
			knownRegions = (
				en,
				Base,
			);
			mainGroup = CE12BD5920A75A0800A32733;
			productRefGroup = CE12BD6320A75A0800A32733 /* Products */;
			projectDirPath = "";
			projectRoot = "";
			targets = (
				CE12BD6120A75A0800A32733 /* TableView */,
				CE12BD7520A75A0900A32733 /* TableViewTests */,
				CE12BD8020A75A0900A32733 /* TableViewUITests */,
			);
		};
/* End PBXProject section */

/* Begin PBXResourcesBuildPhase section */
		CE12BD6020A75A0800A32733 /* Resources */ = {
			isa = PBXResourcesBuildPhase;
			buildActionMask = 2147483647;
			files = (
				CE12BD7020A75A0900A32733 /* LaunchScreen.storyboard in Resources */,
				CE12BD6D20A75A0900A32733 /* Assets.xcassets in Resources */,
				CE12BD6B20A75A0800A32733 /* Main.storyboard in Resources */,
			);
			runOnlyForDeploymentPostprocessing = 0;
		};
		CE12BD7420A75A0900A32733 /* Resources */ = {
			isa = PBXResourcesBuildPhase;
			buildActionMask = 2147483647;
			files = (
			);
			runOnlyForDeploymentPostprocessing = 0;
		};
		CE12BD7F20A75A0900A32733 /* Resources */ = {
			isa = PBXResourcesBuildPhase;
			buildActionMask = 2147483647;
			files = (
			);
			runOnlyForDeploymentPostprocessing = 0;
		};
/* End PBXResourcesBuildPhase section */

/* Begin PBXSourcesBuildPhase section */
		CE12BD5E20A75A0800A32733 /* Sources */ = {
			isa = PBXSourcesBuildPhase;
			buildActionMask = 2147483647;
			files = (
				CE12BD9420A76FAF00A32733 /* TableViewCell2.swift in Sources */,
				CE12BD6820A75A0800A32733 /* ViewController.swift in Sources */,
				CE12BD6620A75A0800A32733 /* AppDelegate.swift in Sources */,
			);
			runOnlyForDeploymentPostprocessing = 0;
		};
		CE12BD7220A75A0900A32733 /* Sources */ = {
			isa = PBXSourcesBuildPhase;
			buildActionMask = 2147483647;
			files = (
				CE12BD7B20A75A0900A32733 /* TableViewTests.swift in Sources */,
			);
			runOnlyForDeploymentPostprocessing = 0;
		};
		CE12BD7D20A75A0900A32733 /* Sources */ = {
			isa = PBXSourcesBuildPhase;
			buildActionMask = 2147483647;
			files = (
				CE12BD8620A75A0A00A32733 /* TableViewUITests.swift in Sources */,
			);
			runOnlyForDeploymentPostprocessing = 0;
		};
/* End PBXSourcesBuildPhase section */

/* Begin PBXTargetDependency section */
		CE12BD7820A75A0900A32733 /* PBXTargetDependency */ = {
			isa = PBXTargetDependency;
			target = CE12BD6120A75A0800A32733 /* TableView */;
			targetProxy = CE12BD7720A75A0900A32733 /* PBXContainerItemProxy */;
		};
		CE12BD8320A75A0900A32733 /* PBXTargetDependency */ = {
			isa = PBXTargetDependency;
			target = CE12BD6120A75A0800A32733 /* TableView */;
			targetProxy = CE12BD8220A75A0900A32733 /* PBXContainerItemProxy */;
		};
/* End PBXTargetDependency section */

/* Begin PBXVariantGroup section */
		CE12BD6920A75A0800A32733 /* Main.storyboard */ = {
			isa = PBXVariantGroup;
			children = (
				CE12BD6A20A75A0800A32733 /* Base */,
			);
			name = Main.storyboard;
			sourceTree = "<group>";
		};
		CE12BD6E20A75A0900A32733 /* LaunchScreen.storyboard */ = {
			isa = PBXVariantGroup;
			children = (
				CE12BD6F20A75A0900A32733 /* Base */,
			);
			name = LaunchScreen.storyboard;
			sourceTree = "<group>";
		};
/* End PBXVariantGroup section */

/* Begin XCBuildConfiguration section */
		CE12BD8820A75A0A00A32733 /* Debug */ = {
			isa = XCBuildConfiguration;
			buildSettings = {
				ALWAYS_SEARCH_USER_PATHS = NO;
				CLANG_ANALYZER_NONNULL = YES;
				CLANG_ANALYZER_NUMBER_OBJECT_CONVERSION = YES_AGGRESSIVE;
				CLANG_CXX_LANGUAGE_STANDARD = "gnu++14";
				CLANG_CXX_LIBRARY = "libc++";
				CLANG_ENABLE_MODULES = YES;
				CLANG_ENABLE_OBJC_ARC = YES;
				CLANG_ENABLE_OBJC_WEAK = YES;
				CLANG_WARN_BLOCK_CAPTURE_AUTORELEASING = YES;
				CLANG_WARN_BOOL_CONVERSION = YES;
				CLANG_WARN_COMMA = YES;
				CLANG_WARN_CONSTANT_CONVERSION = YES;
				CLANG_WARN_DEPRECATED_OBJC_IMPLEMENTATIONS = YES;
				CLANG_WARN_DIRECT_OBJC_ISA_USAGE = YES_ERROR;
				CLANG_WARN_DOCUMENTATION_COMMENTS = YES;
				CLANG_WARN_EMPTY_BODY = YES;
				CLANG_WARN_ENUM_CONVERSION = YES;
				CLANG_WARN_INFINITE_RECURSION = YES;
				CLANG_WARN_INT_CONVERSION = YES;
				CLANG_WARN_NON_LITERAL_NULL_CONVERSION = YES;
				CLANG_WARN_OBJC_IMPLICIT_RETAIN_SELF = YES;
				CLANG_WARN_OBJC_LITERAL_CONVERSION = YES;
				CLANG_WARN_OBJC_ROOT_CLASS = YES_ERROR;
				CLANG_WARN_RANGE_LOOP_ANALYSIS = YES;
				CLANG_WARN_STRICT_PROTOTYPES = YES;
				CLANG_WARN_SUSPICIOUS_MOVE = YES;
				CLANG_WARN_UNGUARDED_AVAILABILITY = YES_AGGRESSIVE;
				CLANG_WARN_UNREACHABLE_CODE = YES;
				CLANG_WARN__DUPLICATE_METHOD_MATCH = YES;
				CODE_SIGN_IDENTITY = "iPhone Developer";
				COPY_PHASE_STRIP = NO;
				DEBUG_INFORMATION_FORMAT = dwarf;
				ENABLE_STRICT_OBJC_MSGSEND = YES;
				ENABLE_TESTABILITY = YES;
				GCC_C_LANGUAGE_STANDARD = gnu11;
				GCC_DYNAMIC_NO_PIC = NO;
				GCC_NO_COMMON_BLOCKS = YES;
				GCC_OPTIMIZATION_LEVEL = 0;
				GCC_PREPROCESSOR_DEFINITIONS = (
					"DEBUG=1",
					"$(inherited)",
				);
				GCC_WARN_64_TO_32_BIT_CONVERSION = YES;
				GCC_WARN_ABOUT_RETURN_TYPE = YES_ERROR;
				GCC_WARN_UNDECLARED_SELECTOR = YES;
				GCC_WARN_UNINITIALIZED_AUTOS = YES_AGGRESSIVE;
				GCC_WARN_UNUSED_FUNCTION = YES;
				GCC_WARN_UNUSED_VARIABLE = YES;
				IPHONEOS_DEPLOYMENT_TARGET = 11.3;
				MTL_ENABLE_DEBUG_INFO = YES;
				ONLY_ACTIVE_ARCH = YES;
				SDKROOT = iphoneos;
				SWIFT_ACTIVE_COMPILATION_CONDITIONS = DEBUG;
				SWIFT_OPTIMIZATION_LEVEL = "-Onone";
			};
			name = Debug;
		};
		CE12BD8920A75A0A00A32733 /* Release */ = {
			isa = XCBuildConfiguration;
			buildSettings = {
				ALWAYS_SEARCH_USER_PATHS = NO;
				CLANG_ANALYZER_NONNULL = YES;
				CLANG_ANALYZER_NUMBER_OBJECT_CONVERSION = YES_AGGRESSIVE;
				CLANG_CXX_LANGUAGE_STANDARD = "gnu++14";
				CLANG_CXX_LIBRARY = "libc++";
				CLANG_ENABLE_MODULES = YES;
				CLANG_ENABLE_OBJC_ARC = YES;
				CLANG_ENABLE_OBJC_WEAK = YES;
				CLANG_WARN_BLOCK_CAPTURE_AUTORELEASING = YES;
				CLANG_WARN_BOOL_CONVERSION = YES;
				CLANG_WARN_COMMA = YES;
				CLANG_WARN_CONSTANT_CONVERSION = YES;
				CLANG_WARN_DEPRECATED_OBJC_IMPLEMENTATIONS = YES;
				CLANG_WARN_DIRECT_OBJC_ISA_USAGE = YES_ERROR;
				CLANG_WARN_DOCUMENTATION_COMMENTS = YES;
				CLANG_WARN_EMPTY_BODY = YES;
				CLANG_WARN_ENUM_CONVERSION = YES;
				CLANG_WARN_INFINITE_RECURSION = YES;
				CLANG_WARN_INT_CONVERSION = YES;
				CLANG_WARN_NON_LITERAL_NULL_CONVERSION = YES;
				CLANG_WARN_OBJC_IMPLICIT_RETAIN_SELF = YES;
				CLANG_WARN_OBJC_LITERAL_CONVERSION = YES;
				CLANG_WARN_OBJC_ROOT_CLASS = YES_ERROR;
				CLANG_WARN_RANGE_LOOP_ANALYSIS = YES;
				CLANG_WARN_STRICT_PROTOTYPES = YES;
				CLANG_WARN_SUSPICIOUS_MOVE = YES;
				CLANG_WARN_UNGUARDED_AVAILABILITY = YES_AGGRESSIVE;
				CLANG_WARN_UNREACHABLE_CODE = YES;
				CLANG_WARN__DUPLICATE_METHOD_MATCH = YES;
				CODE_SIGN_IDENTITY = "iPhone Developer";
				COPY_PHASE_STRIP = NO;
				DEBUG_INFORMATION_FORMAT = "dwarf-with-dsym";
				ENABLE_NS_ASSERTIONS = NO;
				ENABLE_STRICT_OBJC_MSGSEND = YES;
				GCC_C_LANGUAGE_STANDARD = gnu11;
				GCC_NO_COMMON_BLOCKS = YES;
				GCC_WARN_64_TO_32_BIT_CONVERSION = YES;
				GCC_WARN_ABOUT_RETURN_TYPE = YES_ERROR;
				GCC_WARN_UNDECLARED_SELECTOR = YES;
				GCC_WARN_UNINITIALIZED_AUTOS = YES_AGGRESSIVE;
				GCC_WARN_UNUSED_FUNCTION = YES;
				GCC_WARN_UNUSED_VARIABLE = YES;
				IPHONEOS_DEPLOYMENT_TARGET = 11.3;
				MTL_ENABLE_DEBUG_INFO = NO;
				SDKROOT = iphoneos;
				SWIFT_COMPILATION_MODE = wholemodule;
				SWIFT_OPTIMIZATION_LEVEL = "-O";
				VALIDATE_PRODUCT = YES;
			};
			name = Release;
		};
		CE12BD8B20A75A0A00A32733 /* Debug */ = {
			isa = XCBuildConfiguration;
			buildSettings = {
				ASSETCATALOG_COMPILER_APPICON_NAME = AppIcon;
				CODE_SIGN_STYLE = Automatic;
				DEVELOPMENT_TEAM = "";
				INFOPLIST_FILE = TableView/Info.plist;
				LD_RUNPATH_SEARCH_PATHS = (
					"$(inherited)",
					"@executable_path/Frameworks",
				);
				PRODUCT_BUNDLE_IDENTIFIER = com.manna.www.TableView;
				PRODUCT_NAME = "$(TARGET_NAME)";
				SWIFT_VERSION = 4.0;
				TARGETED_DEVICE_FAMILY = "1,2";
			};
			name = Debug;
		};
		CE12BD8C20A75A0A00A32733 /* Release */ = {
			isa = XCBuildConfiguration;
			buildSettings = {
				ASSETCATALOG_COMPILER_APPICON_NAME = AppIcon;
				CODE_SIGN_STYLE = Automatic;
				DEVELOPMENT_TEAM = "";
				INFOPLIST_FILE = TableView/Info.plist;
				LD_RUNPATH_SEARCH_PATHS = (
					"$(inherited)",
					"@executable_path/Frameworks",
				);
				PRODUCT_BUNDLE_IDENTIFIER = com.manna.www.TableView;
				PRODUCT_NAME = "$(TARGET_NAME)";
				SWIFT_VERSION = 4.0;
				TARGETED_DEVICE_FAMILY = "1,2";
			};
			name = Release;
		};
		CE12BD8E20A75A0A00A32733 /* Debug */ = {
			isa = XCBuildConfiguration;
			buildSettings = {
				ALWAYS_EMBED_SWIFT_STANDARD_LIBRARIES = YES;
				BUNDLE_LOADER = "$(TEST_HOST)";
				CODE_SIGN_STYLE = Automatic;
				INFOPLIST_FILE = TableViewTests/Info.plist;
				LD_RUNPATH_SEARCH_PATHS = (
					"$(inherited)",
					"@executable_path/Frameworks",
					"@loader_path/Frameworks",
				);
				PRODUCT_BUNDLE_IDENTIFIER = com.manna.www.TableViewTests;
				PRODUCT_NAME = "$(TARGET_NAME)";
				SWIFT_VERSION = 4.0;
				TARGETED_DEVICE_FAMILY = "1,2";
				TEST_HOST = "$(BUILT_PRODUCTS_DIR)/TableView.app/TableView";
			};
			name = Debug;
		};
		CE12BD8F20A75A0A00A32733 /* Release */ = {
			isa = XCBuildConfiguration;
			buildSettings = {
				ALWAYS_EMBED_SWIFT_STANDARD_LIBRARIES = YES;
				BUNDLE_LOADER = "$(TEST_HOST)";
				CODE_SIGN_STYLE = Automatic;
				INFOPLIST_FILE = TableViewTests/Info.plist;
				LD_RUNPATH_SEARCH_PATHS = (
					"$(inherited)",
					"@executable_path/Frameworks",
					"@loader_path/Frameworks",
				);
				PRODUCT_BUNDLE_IDENTIFIER = com.manna.www.TableViewTests;
				PRODUCT_NAME = "$(TARGET_NAME)";
				SWIFT_VERSION = 4.0;
				TARGETED_DEVICE_FAMILY = "1,2";
				TEST_HOST = "$(BUILT_PRODUCTS_DIR)/TableView.app/TableView";
			};
			name = Release;
		};
		CE12BD9120A75A0A00A32733 /* Debug */ = {
			isa = XCBuildConfiguration;
			buildSettings = {
				ALWAYS_EMBED_SWIFT_STANDARD_LIBRARIES = YES;
				CODE_SIGN_STYLE = Automatic;
				INFOPLIST_FILE = TableViewUITests/Info.plist;
				LD_RUNPATH_SEARCH_PATHS = (
					"$(inherited)",
					"@executable_path/Frameworks",
					"@loader_path/Frameworks",
				);
				PRODUCT_BUNDLE_IDENTIFIER = com.manna.www.TableViewUITests;
				PRODUCT_NAME = "$(TARGET_NAME)";
				SWIFT_VERSION = 4.0;
				TARGETED_DEVICE_FAMILY = "1,2";
				TEST_TARGET_NAME = TableView;
			};
			name = Debug;
		};
		CE12BD9220A75A0A00A32733 /* Release */ = {
			isa = XCBuildConfiguration;
			buildSettings = {
				ALWAYS_EMBED_SWIFT_STANDARD_LIBRARIES = YES;
				CODE_SIGN_STYLE = Automatic;
				INFOPLIST_FILE = TableViewUITests/Info.plist;
				LD_RUNPATH_SEARCH_PATHS = (
					"$(inherited)",
					"@executable_path/Frameworks",
					"@loader_path/Frameworks",
				);
				PRODUCT_BUNDLE_IDENTIFIER = com.manna.www.TableViewUITests;
				PRODUCT_NAME = "$(TARGET_NAME)";
				SWIFT_VERSION = 4.0;
				TARGETED_DEVICE_FAMILY = "1,2";
				TEST_TARGET_NAME = TableView;
			};
			name = Release;
		};
/* End XCBuildConfiguration section */

/* Begin XCConfigurationList section */
		CE12BD5D20A75A0800A32733 /* Build configuration list for PBXProject "TableView" */ = {
			isa = XCConfigurationList;
			buildConfigurations = (
				CE12BD8820A75A0A00A32733 /* Debug */,
				CE12BD8920A75A0A00A32733 /* Release */,
			);
			defaultConfigurationIsVisible = 0;
			defaultConfigurationName = Release;
		};
		CE12BD8A20A75A0A00A32733 /* Build configuration list for PBXNativeTarget "TableView" */ = {
			isa = XCConfigurationList;
			buildConfigurations = (
				CE12BD8B20A75A0A00A32733 /* Debug */,
				CE12BD8C20A75A0A00A32733 /* Release */,
			);
			defaultConfigurationIsVisible = 0;
			defaultConfigurationName = Release;
		};
		CE12BD8D20A75A0A00A32733 /* Build configuration list for PBXNativeTarget "TableViewTests" */ = {
			isa = XCConfigurationList;
			buildConfigurations = (
				CE12BD8E20A75A0A00A32733 /* Debug */,
				CE12BD8F20A75A0A00A32733 /* Release */,
			);
			defaultConfigurationIsVisible = 0;
			defaultConfigurationName = Release;
		};
		CE12BD9020A75A0A00A32733 /* Build configuration list for PBXNativeTarget "TableViewUITests" */ = {
			isa = XCConfigurationList;
			buildConfigurations = (
				CE12BD9120A75A0A00A32733 /* Debug */,
				CE12BD9220A75A0A00A32733 /* Release */,
			);
			defaultConfigurationIsVisible = 0;
			defaultConfigurationName = Release;
		};
/* End XCConfigurationList section */
	};
	rootObject = CE12BD5A20A75A0800A32733 /* Project object */;
}
